
Microsoft Visual Studio Solution File, Format Version 12.00
# Visual Studio Version 16
VisualStudioVersion = 16.0.30804.86
MinimumVisualStudioVersion = 10.0.40219.1
Project("{9A19103F-16F7-4668-BE54-9A1E7A4F7556}") = "NykantAPI", "NykantAPI\NykantAPI.csproj", "{33F022A9-C2A6-4083-AAB4-1608FBFAB301}"
EndProject
Project("{9A19103F-16F7-4668-BE54-9A1E7A4F7556}") = "NykantMVC", "NykantMVC\NykantMVC.csproj", "{D6B261EA-7395-4BA0-B31C-499F4F7513F3}"
EndProject
Global
	GlobalSection(SolutionConfigurationPlatforms) = preSolution
		Debug|Any CPU = Debug|Any CPU
		Release|Any CPU = Release|Any CPU
	EndGlobalSection
	GlobalSection(ProjectConfigurationPlatforms) = postSolution
		{33F022A9-C2A6-4083-AAB4-1608FBFAB301}.Debug|Any CPU.ActiveCfg = Debug|Any CPU
		{33F022A9-C2A6-4083-AAB4-1608FBFAB301}.Debug|Any CPU.Build.0 = Debug|Any CPU
		{33F022A9-C2A6-4083-AAB4-1608FBFAB301}.Release|Any CPU.ActiveCfg = Release|Any CPU
		{33F022A9-C2A6-4083-AAB4-1608FBFAB301}.Release|Any CPU.Build.0 = Release|Any CPU
		{D6B261EA-7395-4BA0-B31C-499F4F7513F3}.Debug|Any CPU.ActiveCfg = Debug|Any CPU
		{D6B261EA-7395-4BA0-B31C-499F4F7513F3}.Debug|Any CPU.Build.0 = Debug|Any CPU
		{D6B261EA-7395-4BA0-B31C-499F4F7513F3}.Release|Any CPU.ActiveCfg = Release|Any CPU
		{D6B261EA-7395-4BA0-B31C-499F4F7513F3}.Release|Any CPU.Build.0 = Release|Any CPU
	EndGlobalSection
	GlobalSection(SolutionProperties) = preSolution
		HideSolutionNode = FALSE
	EndGlobalSection
	GlobalSection(ExtensibilityGlobals) = postSolution
		SolutionGuid = {E2042A1C-F8FA-4327-9529-4977A268518F}
	EndGlobalSection
EndGlobal
