
Microsoft Visual Studio Solution File, Format Version 12.00
# Visual Studio Version 17
VisualStudioVersion = 17.3.32728.150
MinimumVisualStudioVersion = 10.0.40219.1
Project("{9A19103F-16F7-4668-BE54-9A1E7A4F7556}") = "NykantAPI", "NykantAPI.csproj", "{66076519-B3EE-496E-B37E-F4BD9EF358EE}"
EndProject
Project("{9A19103F-16F7-4668-BE54-9A1E7A4F7556}") = "SqlServerMigrations", "..\SqlServerMigrations\SqlServerMigrations.csproj", "{46FB2CA4-230C-406E-BB1C-D3A03C1E06BF}"
EndProject
Global
	GlobalSection(SolutionConfigurationPlatforms) = preSolution
		Debug|Any CPU = Debug|Any CPU
		Release|Any CPU = Release|Any CPU
	EndGlobalSection
	GlobalSection(ProjectConfigurationPlatforms) = postSolution
		{66076519-B3EE-496E-B37E-F4BD9EF358EE}.Debug|Any CPU.ActiveCfg = Debug|Any CPU
		{66076519-B3EE-496E-B37E-F4BD9EF358EE}.Debug|Any CPU.Build.0 = Debug|Any CPU
		{66076519-B3EE-496E-B37E-F4BD9EF358EE}.Release|Any CPU.ActiveCfg = Release|Any CPU
		{66076519-B3EE-496E-B37E-F4BD9EF358EE}.Release|Any CPU.Build.0 = Release|Any CPU
		{46FB2CA4-230C-406E-BB1C-D3A03C1E06BF}.Debug|Any CPU.ActiveCfg = Debug|Any CPU
		{46FB2CA4-230C-406E-BB1C-D3A03C1E06BF}.Debug|Any CPU.Build.0 = Debug|Any CPU
		{46FB2CA4-230C-406E-BB1C-D3A03C1E06BF}.Release|Any CPU.ActiveCfg = Release|Any CPU
		{46FB2CA4-230C-406E-BB1C-D3A03C1E06BF}.Release|Any CPU.Build.0 = Release|Any CPU
	EndGlobalSection
	GlobalSection(SolutionProperties) = preSolution
		HideSolutionNode = FALSE
	EndGlobalSection
	GlobalSection(ExtensibilityGlobals) = postSolution
		SolutionGuid = {3236E80D-F30B-471D-930B-EEAFDB0362B4}
	EndGlobalSection
EndGlobal
