
Microsoft Visual Studio Solution File, Format Version 12.00
# Visual Studio Version 16
VisualStudioVersion = 16.0.30907.101
MinimumVisualStudioVersion = 10.0.40219.1
Project("{9A19103F-16F7-4668-BE54-9A1E7A4F7556}") = "NykantAPI", "NykantAPI.csproj", "{BE66451C-50DA-4F6F-AAEF-6E7670BA2984}"
EndProject
Project("{FAE04EC0-301F-11D3-BF4B-00C04F79EFBC}") = "NykantClassLibrary", "..\NykantClassLibrary\NykantClassLibrary.csproj", "{5ED63250-817B-4B98-8892-9F90EA53F91E}"
EndProject
Global
	GlobalSection(SolutionConfigurationPlatforms) = preSolution
		Debug|Any CPU = Debug|Any CPU
		Release|Any CPU = Release|Any CPU
	EndGlobalSection
	GlobalSection(ProjectConfigurationPlatforms) = postSolution
		{BE66451C-50DA-4F6F-AAEF-6E7670BA2984}.Debug|Any CPU.ActiveCfg = Debug|Any CPU
		{BE66451C-50DA-4F6F-AAEF-6E7670BA2984}.Debug|Any CPU.Build.0 = Debug|Any CPU
		{BE66451C-50DA-4F6F-AAEF-6E7670BA2984}.Release|Any CPU.ActiveCfg = Release|Any CPU
		{BE66451C-50DA-4F6F-AAEF-6E7670BA2984}.Release|Any CPU.Build.0 = Release|Any CPU
		{5ED63250-817B-4B98-8892-9F90EA53F91E}.Debug|Any CPU.ActiveCfg = Debug|Any CPU
		{5ED63250-817B-4B98-8892-9F90EA53F91E}.Debug|Any CPU.Build.0 = Debug|Any CPU
		{5ED63250-817B-4B98-8892-9F90EA53F91E}.Release|Any CPU.ActiveCfg = Release|Any CPU
		{5ED63250-817B-4B98-8892-9F90EA53F91E}.Release|Any CPU.Build.0 = Release|Any CPU
	EndGlobalSection
	GlobalSection(SolutionProperties) = preSolution
		HideSolutionNode = FALSE
	EndGlobalSection
	GlobalSection(ExtensibilityGlobals) = postSolution
		SolutionGuid = {20EA4A02-C448-4C63-BF9A-5C681BD5AA5F}
	EndGlobalSection
EndGlobal
