
Microsoft Visual Studio Solution File, Format Version 12.00
# Visual Studio Version 16
VisualStudioVersion = 16.0.32228.343
MinimumVisualStudioVersion = 10.0.40219.1
Project("{9A19103F-16F7-4668-BE54-9A1E7A4F7556}") = "NykantAPI", "NykantAPI.csproj", "{66076519-B3EE-496E-B37E-F4BD9EF358EE}"
EndProject
Project("{9A19103F-16F7-4668-BE54-9A1E7A4F7556}") = "MySqlMigrations", "..\MySqlMigrations\MySqlMigrations.csproj", "{7E916578-0070-45DF-BCF8-4B143BD42814}"
EndProject
Global
	GlobalSection(SolutionConfigurationPlatforms) = preSolution
		Debug|Any CPU = Debug|Any CPU
		Release|Any CPU = Release|Any CPU
	EndGlobalSection
	GlobalSection(ProjectConfigurationPlatforms) = postSolution
		{66076519-B3EE-496E-B37E-F4BD9EF358EE}.Debug|Any CPU.ActiveCfg = Debug|Any CPU
		{66076519-B3EE-496E-B37E-F4BD9EF358EE}.Debug|Any CPU.Build.0 = Debug|Any CPU
		{66076519-B3EE-496E-B37E-F4BD9EF358EE}.Release|Any CPU.ActiveCfg = Release|Any CPU
		{66076519-B3EE-496E-B37E-F4BD9EF358EE}.Release|Any CPU.Build.0 = Release|Any CPU
		{7E916578-0070-45DF-BCF8-4B143BD42814}.Debug|Any CPU.ActiveCfg = Debug|Any CPU
		{7E916578-0070-45DF-BCF8-4B143BD42814}.Debug|Any CPU.Build.0 = Debug|Any CPU
		{7E916578-0070-45DF-BCF8-4B143BD42814}.Release|Any CPU.ActiveCfg = Release|Any CPU
		{7E916578-0070-45DF-BCF8-4B143BD42814}.Release|Any CPU.Build.0 = Release|Any CPU
	EndGlobalSection
	GlobalSection(SolutionProperties) = preSolution
		HideSolutionNode = FALSE
	EndGlobalSection
	GlobalSection(ExtensibilityGlobals) = postSolution
		SolutionGuid = {3236E80D-F30B-471D-930B-EEAFDB0362B4}
	EndGlobalSection
EndGlobal
