
Microsoft Visual Studio Solution File, Format Version 12.00
# Visual Studio Version 16
VisualStudioVersion = 16.0.30907.101
MinimumVisualStudioVersion = 10.0.40219.1
Project("{9A19103F-16F7-4668-BE54-9A1E7A4F7556}") = "NykantMVC", "NykantMVC.csproj", "{8B90FF7D-DB8A-419E-9A45-C1A4EF0EEB58}"
EndProject
Global
	GlobalSection(SolutionConfigurationPlatforms) = preSolution
		Debug|Any CPU = Debug|Any CPU
		Release|Any CPU = Release|Any CPU
	EndGlobalSection
	GlobalSection(ProjectConfigurationPlatforms) = postSolution
		{8B90FF7D-DB8A-419E-9A45-C1A4EF0EEB58}.Debug|Any CPU.ActiveCfg = Debug|Any CPU
		{8B90FF7D-DB8A-419E-9A45-C1A4EF0EEB58}.Debug|Any CPU.Build.0 = Debug|Any CPU
		{8B90FF7D-DB8A-419E-9A45-C1A4EF0EEB58}.Release|Any CPU.ActiveCfg = Release|Any CPU
		{8B90FF7D-DB8A-419E-9A45-C1A4EF0EEB58}.Release|Any CPU.Build.0 = Release|Any CPU
	EndGlobalSection
	GlobalSection(SolutionProperties) = preSolution
		HideSolutionNode = FALSE
	EndGlobalSection
	GlobalSection(ExtensibilityGlobals) = postSolution
		SolutionGuid = {AD665B26-0D6D-4EC0-994D-AEFFB1F0BDE7}
	EndGlobalSection
EndGlobal
